// !$*UTF8*$!
{
	archiveVersion = 1;
	classes = {
	};
	objectVersion = 56;
	objects = {

/* Begin PBXBuildFile section */
		1F1BFF812BD0C67E0066DC0D /* LoginView.swift in Sources */ = {isa = PBXBuildFile; fileRef = 1F1BFF802BD0C67E0066DC0D /* LoginView.swift */; };
		1F1BFF832BD0C68A0066DC0D /* RegisterView.swift in Sources */ = {isa = PBXBuildFile; fileRef = 1F1BFF822BD0C68A0066DC0D /* RegisterView.swift */; };
		1F1BFF852BD0C69D0066DC0D /* MeetingListView.swift in Sources */ = {isa = PBXBuildFile; fileRef = 1F1BFF842BD0C69D0066DC0D /* MeetingListView.swift */; };
		1F1BFF872BD0C6A90066DC0D /* ProfileView.swift in Sources */ = {isa = PBXBuildFile; fileRef = 1F1BFF862BD0C6A90066DC0D /* ProfileView.swift */; };
		1F1BFF892BD0C6C20066DC0D /* CardView.swift in Sources */ = {isa = PBXBuildFile; fileRef = 1F1BFF882BD0C6C20066DC0D /* CardView.swift */; };
		1F1BFF8B2BD0C6D10066DC0D /* DetailEditView.swift in Sources */ = {isa = PBXBuildFile; fileRef = 1F1BFF8A2BD0C6D10066DC0D /* DetailEditView.swift */; };
		1F1BFF8D2BD0C7050066DC0D /* MLButton.swift in Sources */ = {isa = PBXBuildFile; fileRef = 1F1BFF8C2BD0C7050066DC0D /* MLButton.swift */; };
		1F1BFF8F2BD0C7170066DC0D /* User.swift in Sources */ = {isa = PBXBuildFile; fileRef = 1F1BFF8E2BD0C7170066DC0D /* User.swift */; };
		1F1BFF912BD0C72F0066DC0D /* MeetingItem.swift in Sources */ = {isa = PBXBuildFile; fileRef = 1F1BFF902BD0C72F0066DC0D /* MeetingItem.swift */; };
		1F1BFF932BD0C74B0066DC0D /* MainViewModel.swift in Sources */ = {isa = PBXBuildFile; fileRef = 1F1BFF922BD0C74B0066DC0D /* MainViewModel.swift */; };
		1F1BFF952BD0C7530066DC0D /* LoginViewModel.swift in Sources */ = {isa = PBXBuildFile; fileRef = 1F1BFF942BD0C7530066DC0D /* LoginViewModel.swift */; };
		1F1BFF972BD0C75F0066DC0D /* RegisterViewModel.swift in Sources */ = {isa = PBXBuildFile; fileRef = 1F1BFF962BD0C75F0066DC0D /* RegisterViewModel.swift */; };
		1F1BFF992BD0C7710066DC0D /* ProfileViewModel.swift in Sources */ = {isa = PBXBuildFile; fileRef = 1F1BFF982BD0C7710066DC0D /* ProfileViewModel.swift */; };
		1F1BFF9B2BD0C7810066DC0D /* CardViewModel.swift in Sources */ = {isa = PBXBuildFile; fileRef = 1F1BFF9A2BD0C7810066DC0D /* CardViewModel.swift */; };
		1F1BFF9D2BD0C78E0066DC0D /* MeetingListViewModel.swift in Sources */ = {isa = PBXBuildFile; fileRef = 1F1BFF9C2BD0C78E0066DC0D /* MeetingListViewModel.swift */; };
		1F1BFF9F2BD0C79C0066DC0D /* DetailEditViewModel.swift in Sources */ = {isa = PBXBuildFile; fileRef = 1F1BFF9E2BD0C79C0066DC0D /* DetailEditViewModel.swift */; };
		1F1BFFA12BD0C7BA0066DC0D /* Extensions.swift in Sources */ = {isa = PBXBuildFile; fileRef = 1F1BFFA02BD0C7BA0066DC0D /* Extensions.swift */; };
		1F1BFFA32BD0CC3D0066DC0D /* LogoView.swift in Sources */ = {isa = PBXBuildFile; fileRef = 1F1BFFA22BD0CC3D0066DC0D /* LogoView.swift */; };
		1F1BFFAD2BD0DA6D0066DC0D /* FirebaseAnalytics in Frameworks */ = {isa = PBXBuildFile; productRef = 1F1BFFAC2BD0DA6D0066DC0D /* FirebaseAnalytics */; };
		1F1BFFAF2BD0DA6D0066DC0D /* FirebaseAnalyticsSwift in Frameworks */ = {isa = PBXBuildFile; productRef = 1F1BFFAE2BD0DA6D0066DC0D /* FirebaseAnalyticsSwift */; };
		1F1BFFB12BD0DA6D0066DC0D /* FirebaseAuth in Frameworks */ = {isa = PBXBuildFile; productRef = 1F1BFFB02BD0DA6D0066DC0D /* FirebaseAuth */; };
		1F1BFFB32BD0DA6D0066DC0D /* FirebaseDatabase in Frameworks */ = {isa = PBXBuildFile; productRef = 1F1BFFB22BD0DA6D0066DC0D /* FirebaseDatabase */; };
		1F1BFFB52BD0DA6D0066DC0D /* FirebaseFirestore in Frameworks */ = {isa = PBXBuildFile; productRef = 1F1BFFB42BD0DA6D0066DC0D /* FirebaseFirestore */; };
		1F1BFFB72BD0DA6D0066DC0D /* FirebaseFirestoreSwift in Frameworks */ = {isa = PBXBuildFile; productRef = 1F1BFFB62BD0DA6D0066DC0D /* FirebaseFirestoreSwift */; };
		1F478A5E2BD0C43E0091B552 /* Finalv02App.swift in Sources */ = {isa = PBXBuildFile; fileRef = 1F478A5D2BD0C43E0091B552 /* Finalv02App.swift */; };
		1F478A602BD0C43E0091B552 /* MainView.swift in Sources */ = {isa = PBXBuildFile; fileRef = 1F478A5F2BD0C43E0091B552 /* MainView.swift */; };
		1F478A622BD0C4410091B552 /* Assets.xcassets in Resources */ = {isa = PBXBuildFile; fileRef = 1F478A612BD0C4410091B552 /* Assets.xcassets */; };
		1F478A652BD0C4410091B552 /* Preview Assets.xcassets in Resources */ = {isa = PBXBuildFile; fileRef = 1F478A642BD0C4410091B552 /* Preview Assets.xcassets */; };
		1F478A6F2BD0C4410091B552 /* Finalv02Tests.swift in Sources */ = {isa = PBXBuildFile; fileRef = 1F478A6E2BD0C4410091B552 /* Finalv02Tests.swift */; };
		1F478A792BD0C4410091B552 /* Finalv02UITests.swift in Sources */ = {isa = PBXBuildFile; fileRef = 1F478A782BD0C4410091B552 /* Finalv02UITests.swift */; };
		1F478A7B2BD0C4410091B552 /* Finalv02UITestsLaunchTests.swift in Sources */ = {isa = PBXBuildFile; fileRef = 1F478A7A2BD0C4410091B552 /* Finalv02UITestsLaunchTests.swift */; };
/* End PBXBuildFile section */

/* Begin PBXContainerItemProxy section */
		1F478A6B2BD0C4410091B552 /* PBXContainerItemProxy */ = {
			isa = PBXContainerItemProxy;
			containerPortal = 1F478A522BD0C43E0091B552 /* Project object */;
			proxyType = 1;
			remoteGlobalIDString = 1F478A592BD0C43E0091B552;
			remoteInfo = Finalv02;
		};
		1F478A752BD0C4410091B552 /* PBXContainerItemProxy */ = {
			isa = PBXContainerItemProxy;
			containerPortal = 1F478A522BD0C43E0091B552 /* Project object */;
			proxyType = 1;
			remoteGlobalIDString = 1F478A592BD0C43E0091B552;
			remoteInfo = Finalv02;
		};
/* End PBXContainerItemProxy section */

/* Begin PBXFileReference section */
		1F1BFF802BD0C67E0066DC0D /* LoginView.swift */ = {isa = PBXFileReference; lastKnownFileType = sourcecode.swift; path = LoginView.swift; sourceTree = "<group>"; };
		1F1BFF822BD0C68A0066DC0D /* RegisterView.swift */ = {isa = PBXFileReference; lastKnownFileType = sourcecode.swift; path = RegisterView.swift; sourceTree = "<group>"; };
		1F1BFF842BD0C69D0066DC0D /* MeetingListView.swift */ = {isa = PBXFileReference; lastKnownFileType = sourcecode.swift; path = MeetingListView.swift; sourceTree = "<group>"; };
		1F1BFF862BD0C6A90066DC0D /* ProfileView.swift */ = {isa = PBXFileReference; lastKnownFileType = sourcecode.swift; path = ProfileView.swift; sourceTree = "<group>"; };
		1F1BFF882BD0C6C20066DC0D /* CardView.swift */ = {isa = PBXFileReference; lastKnownFileType = sourcecode.swift; path = CardView.swift; sourceTree = "<group>"; };
		1F1BFF8A2BD0C6D10066DC0D /* DetailEditView.swift */ = {isa = PBXFileReference; lastKnownFileType = sourcecode.swift; path = DetailEditView.swift; sourceTree = "<group>"; };
		1F1BFF8C2BD0C7050066DC0D /* MLButton.swift */ = {isa = PBXFileReference; lastKnownFileType = sourcecode.swift; path = MLButton.swift; sourceTree = "<group>"; };
		1F1BFF8E2BD0C7170066DC0D /* User.swift */ = {isa = PBXFileReference; lastKnownFileType = sourcecode.swift; path = User.swift; sourceTree = "<group>"; };
		1F1BFF902BD0C72F0066DC0D /* MeetingItem.swift */ = {isa = PBXFileReference; lastKnownFileType = sourcecode.swift; path = MeetingItem.swift; sourceTree = "<group>"; };
		1F1BFF922BD0C74B0066DC0D /* MainViewModel.swift */ = {isa = PBXFileReference; lastKnownFileType = sourcecode.swift; path = MainViewModel.swift; sourceTree = "<group>"; };
		1F1BFF942BD0C7530066DC0D /* LoginViewModel.swift */ = {isa = PBXFileReference; lastKnownFileType = sourcecode.swift; path = LoginViewModel.swift; sourceTree = "<group>"; };
		1F1BFF962BD0C75F0066DC0D /* RegisterViewModel.swift */ = {isa = PBXFileReference; lastKnownFileType = sourcecode.swift; path = RegisterViewModel.swift; sourceTree = "<group>"; };
		1F1BFF982BD0C7710066DC0D /* ProfileViewModel.swift */ = {isa = PBXFileReference; lastKnownFileType = sourcecode.swift; path = ProfileViewModel.swift; sourceTree = "<group>"; };
		1F1BFF9A2BD0C7810066DC0D /* CardViewModel.swift */ = {isa = PBXFileReference; lastKnownFileType = sourcecode.swift; path = CardViewModel.swift; sourceTree = "<group>"; };
		1F1BFF9C2BD0C78E0066DC0D /* MeetingListViewModel.swift */ = {isa = PBXFileReference; lastKnownFileType = sourcecode.swift; path = MeetingListViewModel.swift; sourceTree = "<group>"; };
		1F1BFF9E2BD0C79C0066DC0D /* DetailEditViewModel.swift */ = {isa = PBXFileReference; lastKnownFileType = sourcecode.swift; path = DetailEditViewModel.swift; sourceTree = "<group>"; };
		1F1BFFA02BD0C7BA0066DC0D /* Extensions.swift */ = {isa = PBXFileReference; lastKnownFileType = sourcecode.swift; path = Extensions.swift; sourceTree = "<group>"; };
		1F1BFFA22BD0CC3D0066DC0D /* LogoView.swift */ = {isa = PBXFileReference; lastKnownFileType = sourcecode.swift; path = LogoView.swift; sourceTree = "<group>"; };
		1F478A5A2BD0C43E0091B552 /* Finalv02.app */ = {isa = PBXFileReference; explicitFileType = wrapper.application; includeInIndex = 0; path = Finalv02.app; sourceTree = BUILT_PRODUCTS_DIR; };
		1F478A5D2BD0C43E0091B552 /* Finalv02App.swift */ = {isa = PBXFileReference; lastKnownFileType = sourcecode.swift; path = Finalv02App.swift; sourceTree = "<group>"; };
		1F478A5F2BD0C43E0091B552 /* MainView.swift */ = {isa = PBXFileReference; lastKnownFileType = sourcecode.swift; path = MainView.swift; sourceTree = "<group>"; };
		1F478A612BD0C4410091B552 /* Assets.xcassets */ = {isa = PBXFileReference; lastKnownFileType = folder.assetcatalog; path = Assets.xcassets; sourceTree = "<group>"; };
		1F478A642BD0C4410091B552 /* Preview Assets.xcassets */ = {isa = PBXFileReference; lastKnownFileType = folder.assetcatalog; path = "Preview Assets.xcassets"; sourceTree = "<group>"; };
		1F478A6A2BD0C4410091B552 /* Finalv02Tests.xctest */ = {isa = PBXFileReference; explicitFileType = wrapper.cfbundle; includeInIndex = 0; path = Finalv02Tests.xctest; sourceTree = BUILT_PRODUCTS_DIR; };
		1F478A6E2BD0C4410091B552 /* Finalv02Tests.swift */ = {isa = PBXFileReference; lastKnownFileType = sourcecode.swift; path = Finalv02Tests.swift; sourceTree = "<group>"; };
		1F478A742BD0C4410091B552 /* Finalv02UITests.xctest */ = {isa = PBXFileReference; explicitFileType = wrapper.cfbundle; includeInIndex = 0; path = Finalv02UITests.xctest; sourceTree = BUILT_PRODUCTS_DIR; };
		1F478A782BD0C4410091B552 /* Finalv02UITests.swift */ = {isa = PBXFileReference; lastKnownFileType = sourcecode.swift; path = Finalv02UITests.swift; sourceTree = "<group>"; };
		1F478A7A2BD0C4410091B552 /* Finalv02UITestsLaunchTests.swift */ = {isa = PBXFileReference; lastKnownFileType = sourcecode.swift; path = Finalv02UITestsLaunchTests.swift; sourceTree = "<group>"; };
/* End PBXFileReference section */

/* Begin PBXFrameworksBuildPhase section */
		1F478A572BD0C43E0091B552 /* Frameworks */ = {
			isa = PBXFrameworksBuildPhase;
			buildActionMask = 2147483647;
			files = (
				1F1BFFAF2BD0DA6D0066DC0D /* FirebaseAnalyticsSwift in Frameworks */,
				1F1BFFB12BD0DA6D0066DC0D /* FirebaseAuth in Frameworks */,
				1F1BFFB32BD0DA6D0066DC0D /* FirebaseDatabase in Frameworks */,
				1F1BFFB52BD0DA6D0066DC0D /* FirebaseFirestore in Frameworks */,
				1F1BFFAD2BD0DA6D0066DC0D /* FirebaseAnalytics in Frameworks */,
				1F1BFFB72BD0DA6D0066DC0D /* FirebaseFirestoreSwift in Frameworks */,
			);
			runOnlyForDeploymentPostprocessing = 0;
		};
		1F478A672BD0C4410091B552 /* Frameworks */ = {
			isa = PBXFrameworksBuildPhase;
			buildActionMask = 2147483647;
			files = (
			);
			runOnlyForDeploymentPostprocessing = 0;
		};
		1F478A712BD0C4410091B552 /* Frameworks */ = {
			isa = PBXFrameworksBuildPhase;
			buildActionMask = 2147483647;
			files = (
			);
			runOnlyForDeploymentPostprocessing = 0;
		};
/* End PBXFrameworksBuildPhase section */

/* Begin PBXGroup section */
		1F1BFF7D2BD0C61E0066DC0D /* Views */ = {
			isa = PBXGroup;
			children = (
				1F478A5F2BD0C43E0091B552 /* MainView.swift */,
				1F1BFF802BD0C67E0066DC0D /* LoginView.swift */,
				1F1BFF822BD0C68A0066DC0D /* RegisterView.swift */,
				1F1BFF842BD0C69D0066DC0D /* MeetingListView.swift */,
				1F1BFF862BD0C6A90066DC0D /* ProfileView.swift */,
				1F1BFF882BD0C6C20066DC0D /* CardView.swift */,
				1F1BFF8A2BD0C6D10066DC0D /* DetailEditView.swift */,
				1F1BFF8C2BD0C7050066DC0D /* MLButton.swift */,
				1F1BFFA22BD0CC3D0066DC0D /* LogoView.swift */,
			);
			path = Views;
			sourceTree = "<group>";
		};
		1F1BFF7E2BD0C6330066DC0D /* ViewModels */ = {
			isa = PBXGroup;
			children = (
				1F1BFF922BD0C74B0066DC0D /* MainViewModel.swift */,
				1F1BFF942BD0C7530066DC0D /* LoginViewModel.swift */,
				1F1BFF962BD0C75F0066DC0D /* RegisterViewModel.swift */,
				1F1BFF982BD0C7710066DC0D /* ProfileViewModel.swift */,
				1F1BFF9A2BD0C7810066DC0D /* CardViewModel.swift */,
				1F1BFF9C2BD0C78E0066DC0D /* MeetingListViewModel.swift */,
				1F1BFF9E2BD0C79C0066DC0D /* DetailEditViewModel.swift */,
			);
			path = ViewModels;
			sourceTree = "<group>";
		};
		1F1BFF7F2BD0C63D0066DC0D /* Utils */ = {
			isa = PBXGroup;
			children = (
				1F478A612BD0C4410091B552 /* Assets.xcassets */,
				1F478A5D2BD0C43E0091B552 /* Finalv02App.swift */,
				1F1BFFA02BD0C7BA0066DC0D /* Extensions.swift */,
			);
			path = Utils;
			sourceTree = "<group>";
		};
		1F478A512BD0C43E0091B552 = {
			isa = PBXGroup;
			children = (
				1F478A5C2BD0C43E0091B552 /* Finalv02 */,
				1F478A6D2BD0C4410091B552 /* Finalv02Tests */,
				1F478A772BD0C4410091B552 /* Finalv02UITests */,
				1F478A5B2BD0C43E0091B552 /* Products */,
			);
			sourceTree = "<group>";
		};
		1F478A5B2BD0C43E0091B552 /* Products */ = {
			isa = PBXGroup;
			children = (
				1F478A5A2BD0C43E0091B552 /* Finalv02.app */,
				1F478A6A2BD0C4410091B552 /* Finalv02Tests.xctest */,
				1F478A742BD0C4410091B552 /* Finalv02UITests.xctest */,
			);
			name = Products;
			sourceTree = "<group>";
		};
		1F478A5C2BD0C43E0091B552 /* Finalv02 */ = {
			isa = PBXGroup;
			children = (
				1F1BFF7F2BD0C63D0066DC0D /* Utils */,
				1F1BFF7E2BD0C6330066DC0D /* ViewModels */,
				1F1BFF7D2BD0C61E0066DC0D /* Views */,
				1F478A872BD0C4630091B552 /* Models */,
				1F478A632BD0C4410091B552 /* Preview Content */,
			);
			path = Finalv02;
			sourceTree = "<group>";
		};
		1F478A632BD0C4410091B552 /* Preview Content */ = {
			isa = PBXGroup;
			children = (
				1F478A642BD0C4410091B552 /* Preview Assets.xcassets */,
			);
			path = "Preview Content";
			sourceTree = "<group>";
		};
		1F478A6D2BD0C4410091B552 /* Finalv02Tests */ = {
			isa = PBXGroup;
			children = (
				1F478A6E2BD0C4410091B552 /* Finalv02Tests.swift */,
			);
			path = Finalv02Tests;
			sourceTree = "<group>";
		};
		1F478A772BD0C4410091B552 /* Finalv02UITests */ = {
			isa = PBXGroup;
			children = (
				1F478A782BD0C4410091B552 /* Finalv02UITests.swift */,
				1F478A7A2BD0C4410091B552 /* Finalv02UITestsLaunchTests.swift */,
			);
			path = Finalv02UITests;
			sourceTree = "<group>";
		};
		1F478A872BD0C4630091B552 /* Models */ = {
			isa = PBXGroup;
			children = (
				1F1BFF8E2BD0C7170066DC0D /* User.swift */,
				1F1BFF902BD0C72F0066DC0D /* MeetingItem.swift */,
			);
			path = Models;
			sourceTree = "<group>";
		};
/* End PBXGroup section */

/* Begin PBXNativeTarget section */
		1F478A592BD0C43E0091B552 /* Finalv02 */ = {
			isa = PBXNativeTarget;
			buildConfigurationList = 1F478A7E2BD0C4410091B552 /* Build configuration list for PBXNativeTarget "Finalv02" */;
			buildPhases = (
				1F478A562BD0C43E0091B552 /* Sources */,
				1F478A572BD0C43E0091B552 /* Frameworks */,
				1F478A582BD0C43E0091B552 /* Resources */,
			);
			buildRules = (
			);
			dependencies = (
			);
			name = Finalv02;
			packageProductDependencies = (
				1F1BFFAC2BD0DA6D0066DC0D /* FirebaseAnalytics */,
				1F1BFFAE2BD0DA6D0066DC0D /* FirebaseAnalyticsSwift */,
				1F1BFFB02BD0DA6D0066DC0D /* FirebaseAuth */,
				1F1BFFB22BD0DA6D0066DC0D /* FirebaseDatabase */,
				1F1BFFB42BD0DA6D0066DC0D /* FirebaseFirestore */,
				1F1BFFB62BD0DA6D0066DC0D /* FirebaseFirestoreSwift */,
			);
			productName = Finalv02;
			productReference = 1F478A5A2BD0C43E0091B552 /* Finalv02.app */;
			productType = "com.apple.product-type.application";
		};
		1F478A692BD0C4410091B552 /* Finalv02Tests */ = {
			isa = PBXNativeTarget;
			buildConfigurationList = 1F478A812BD0C4410091B552 /* Build configuration list for PBXNativeTarget "Finalv02Tests" */;
			buildPhases = (
				1F478A662BD0C4410091B552 /* Sources */,
				1F478A672BD0C4410091B552 /* Frameworks */,
				1F478A682BD0C4410091B552 /* Resources */,
			);
			buildRules = (
			);
			dependencies = (
				1F478A6C2BD0C4410091B552 /* PBXTargetDependency */,
			);
			name = Finalv02Tests;
			productName = Finalv02Tests;
			productReference = 1F478A6A2BD0C4410091B552 /* Finalv02Tests.xctest */;
			productType = "com.apple.product-type.bundle.unit-test";
		};
		1F478A732BD0C4410091B552 /* Finalv02UITests */ = {
			isa = PBXNativeTarget;
			buildConfigurationList = 1F478A842BD0C4410091B552 /* Build configuration list for PBXNativeTarget "Finalv02UITests" */;
			buildPhases = (
				1F478A702BD0C4410091B552 /* Sources */,
				1F478A712BD0C4410091B552 /* Frameworks */,
				1F478A722BD0C4410091B552 /* Resources */,
			);
			buildRules = (
			);
			dependencies = (
				1F478A762BD0C4410091B552 /* PBXTargetDependency */,
			);
			name = Finalv02UITests;
			productName = Finalv02UITests;
			productReference = 1F478A742BD0C4410091B552 /* Finalv02UITests.xctest */;
			productType = "com.apple.product-type.bundle.ui-testing";
		};
/* End PBXNativeTarget section */

/* Begin PBXProject section */
		1F478A522BD0C43E0091B552 /* Project object */ = {
			isa = PBXProject;
			attributes = {
				BuildIndependentTargetsInParallel = 1;
				LastSwiftUpdateCheck = 1530;
				LastUpgradeCheck = 1530;
				TargetAttributes = {
					1F478A592BD0C43E0091B552 = {
						CreatedOnToolsVersion = 15.3;
					};
					1F478A692BD0C4410091B552 = {
						CreatedOnToolsVersion = 15.3;
						TestTargetID = 1F478A592BD0C43E0091B552;
					};
					1F478A732BD0C4410091B552 = {
						CreatedOnToolsVersion = 15.3;
						TestTargetID = 1F478A592BD0C43E0091B552;
					};
				};
			};
			buildConfigurationList = 1F478A552BD0C43E0091B552 /* Build configuration list for PBXProject "Finalv02" */;
			compatibilityVersion = "Xcode 14.0";
			developmentRegion = en;
			hasScannedForEncodings = 0;
			knownRegions = (
				en,
				Base,
			);
			mainGroup = 1F478A512BD0C43E0091B552;
			packageReferences = (
				1F478A8D2BD0C5A80091B552 /* XCRemoteSwiftPackageReference "firebase-ios-sdk" */,
			);
			productRefGroup = 1F478A5B2BD0C43E0091B552 /* Products */;
			projectDirPath = "";
			projectRoot = "";
			targets = (
				1F478A592BD0C43E0091B552 /* Finalv02 */,
				1F478A692BD0C4410091B552 /* Finalv02Tests */,
				1F478A732BD0C4410091B552 /* Finalv02UITests */,
			);
		};
/* End PBXProject section */

/* Begin PBXResourcesBuildPhase section */
		1F478A582BD0C43E0091B552 /* Resources */ = {
			isa = PBXResourcesBuildPhase;
			buildActionMask = 2147483647;
			files = (
				1F478A652BD0C4410091B552 /* Preview Assets.xcassets in Resources */,
				1F478A622BD0C4410091B552 /* Assets.xcassets in Resources */,
			);
			runOnlyForDeploymentPostprocessing = 0;
		};
		1F478A682BD0C4410091B552 /* Resources */ = {
			isa = PBXResourcesBuildPhase;
			buildActionMask = 2147483647;
			files = (
			);
			runOnlyForDeploymentPostprocessing = 0;
		};
		1F478A722BD0C4410091B552 /* Resources */ = {
			isa = PBXResourcesBuildPhase;
			buildActionMask = 2147483647;
			files = (
			);
			runOnlyForDeploymentPostprocessing = 0;
		};
/* End PBXResourcesBuildPhase section */

/* Begin PBXSourcesBuildPhase section */
		1F478A562BD0C43E0091B552 /* Sources */ = {
			isa = PBXSourcesBuildPhase;
			buildActionMask = 2147483647;
			files = (
				1F1BFF8B2BD0C6D10066DC0D /* DetailEditView.swift in Sources */,
				1F1BFF812BD0C67E0066DC0D /* LoginView.swift in Sources */,
				1F1BFF832BD0C68A0066DC0D /* RegisterView.swift in Sources */,
				1F1BFF8D2BD0C7050066DC0D /* MLButton.swift in Sources */,
				1F1BFF892BD0C6C20066DC0D /* CardView.swift in Sources */,
				1F1BFFA32BD0CC3D0066DC0D /* LogoView.swift in Sources */,
				1F1BFF9D2BD0C78E0066DC0D /* MeetingListViewModel.swift in Sources */,
				1F1BFF852BD0C69D0066DC0D /* MeetingListView.swift in Sources */,
				1F1BFFA12BD0C7BA0066DC0D /* Extensions.swift in Sources */,
				1F478A602BD0C43E0091B552 /* MainView.swift in Sources */,
				1F1BFF872BD0C6A90066DC0D /* ProfileView.swift in Sources */,
				1F1BFF952BD0C7530066DC0D /* LoginViewModel.swift in Sources */,
				1F1BFF9B2BD0C7810066DC0D /* CardViewModel.swift in Sources */,
				1F1BFF992BD0C7710066DC0D /* ProfileViewModel.swift in Sources */,
				1F1BFF972BD0C75F0066DC0D /* RegisterViewModel.swift in Sources */,
				1F1BFF8F2BD0C7170066DC0D /* User.swift in Sources */,
				1F1BFF9F2BD0C79C0066DC0D /* DetailEditViewModel.swift in Sources */,
				1F1BFF912BD0C72F0066DC0D /* MeetingItem.swift in Sources */,
				1F478A5E2BD0C43E0091B552 /* Finalv02App.swift in Sources */,
				1F1BFF932BD0C74B0066DC0D /* MainViewModel.swift in Sources */,
			);
			runOnlyForDeploymentPostprocessing = 0;
		};
		1F478A662BD0C4410091B552 /* Sources */ = {
			isa = PBXSourcesBuildPhase;
			buildActionMask = 2147483647;
			files = (
				1F478A6F2BD0C4410091B552 /* Finalv02Tests.swift in Sources */,
			);
			runOnlyForDeploymentPostprocessing = 0;
		};
		1F478A702BD0C4410091B552 /* Sources */ = {
			isa = PBXSourcesBuildPhase;
			buildActionMask = 2147483647;
			files = (
				1F478A7B2BD0C4410091B552 /* Finalv02UITestsLaunchTests.swift in Sources */,
				1F478A792BD0C4410091B552 /* Finalv02UITests.swift in Sources */,
			);
			runOnlyForDeploymentPostprocessing = 0;
		};
/* End PBXSourcesBuildPhase section */

/* Begin PBXTargetDependency section */
		1F478A6C2BD0C4410091B552 /* PBXTargetDependency */ = {
			isa = PBXTargetDependency;
			target = 1F478A592BD0C43E0091B552 /* Finalv02 */;
			targetProxy = 1F478A6B2BD0C4410091B552 /* PBXContainerItemProxy */;
		};
		1F478A762BD0C4410091B552 /* PBXTargetDependency */ = {
			isa = PBXTargetDependency;
			target = 1F478A592BD0C43E0091B552 /* Finalv02 */;
			targetProxy = 1F478A752BD0C4410091B552 /* PBXContainerItemProxy */;
		};
/* End PBXTargetDependency section */

/* Begin XCBuildConfiguration section */
		1F478A7C2BD0C4410091B552 /* Debug */ = {
			isa = XCBuildConfiguration;
			buildSettings = {
				ALWAYS_SEARCH_USER_PATHS = NO;
				ASSETCATALOG_COMPILER_GENERATE_SWIFT_ASSET_SYMBOL_EXTENSIONS = YES;
				CLANG_ANALYZER_NONNULL = YES;
				CLANG_ANALYZER_NUMBER_OBJECT_CONVERSION = YES_AGGRESSIVE;
				CLANG_CXX_LANGUAGE_STANDARD = "gnu++20";
				CLANG_ENABLE_MODULES = YES;
				CLANG_ENABLE_OBJC_ARC = YES;
				CLANG_ENABLE_OBJC_WEAK = YES;
				CLANG_WARN_BLOCK_CAPTURE_AUTORELEASING = YES;
				CLANG_WARN_BOOL_CONVERSION = YES;
				CLANG_WARN_COMMA = YES;
				CLANG_WARN_CONSTANT_CONVERSION = YES;
				CLANG_WARN_DEPRECATED_OBJC_IMPLEMENTATIONS = YES;
				CLANG_WARN_DIRECT_OBJC_ISA_USAGE = YES_ERROR;
				CLANG_WARN_DOCUMENTATION_COMMENTS = YES;
				CLANG_WARN_EMPTY_BODY = YES;
				CLANG_WARN_ENUM_CONVERSION = YES;
				CLANG_WARN_INFINITE_RECURSION = YES;
				CLANG_WARN_INT_CONVERSION = YES;
				CLANG_WARN_NON_LITERAL_NULL_CONVERSION = YES;
				CLANG_WARN_OBJC_IMPLICIT_RETAIN_SELF = YES;
				CLANG_WARN_OBJC_LITERAL_CONVERSION = YES;
				CLANG_WARN_OBJC_ROOT_CLASS = YES_ERROR;
				CLANG_WARN_QUOTED_INCLUDE_IN_FRAMEWORK_HEADER = YES;
				CLANG_WARN_RANGE_LOOP_ANALYSIS = YES;
				CLANG_WARN_STRICT_PROTOTYPES = YES;
				CLANG_WARN_SUSPICIOUS_MOVE = YES;
				CLANG_WARN_UNGUARDED_AVAILABILITY = YES_AGGRESSIVE;
				CLANG_WARN_UNREACHABLE_CODE = YES;
				CLANG_WARN__DUPLICATE_METHOD_MATCH = YES;
				COPY_PHASE_STRIP = NO;
				DEBUG_INFORMATION_FORMAT = dwarf;
				ENABLE_STRICT_OBJC_MSGSEND = YES;
				ENABLE_TESTABILITY = YES;
				ENABLE_USER_SCRIPT_SANDBOXING = YES;
				GCC_C_LANGUAGE_STANDARD = gnu17;
				GCC_DYNAMIC_NO_PIC = NO;
				GCC_NO_COMMON_BLOCKS = YES;
				GCC_OPTIMIZATION_LEVEL = 0;
				GCC_PREPROCESSOR_DEFINITIONS = (
					"DEBUG=1",
					"$(inherited)",
				);
				GCC_WARN_64_TO_32_BIT_CONVERSION = YES;
				GCC_WARN_ABOUT_RETURN_TYPE = YES_ERROR;
				GCC_WARN_UNDECLARED_SELECTOR = YES;
				GCC_WARN_UNINITIALIZED_AUTOS = YES_AGGRESSIVE;
				GCC_WARN_UNUSED_FUNCTION = YES;
				GCC_WARN_UNUSED_VARIABLE = YES;
				IPHONEOS_DEPLOYMENT_TARGET = 17.4;
				LOCALIZATION_PREFERS_STRING_CATALOGS = YES;
				MTL_ENABLE_DEBUG_INFO = INCLUDE_SOURCE;
				MTL_FAST_MATH = YES;
				ONLY_ACTIVE_ARCH = YES;
				SDKROOT = iphoneos;
				SWIFT_ACTIVE_COMPILATION_CONDITIONS = "DEBUG $(inherited)";
				SWIFT_OPTIMIZATION_LEVEL = "-Onone";
			};
			name = Debug;
		};
		1F478A7D2BD0C4410091B552 /* Release */ = {
			isa = XCBuildConfiguration;
			buildSettings = {
				ALWAYS_SEARCH_USER_PATHS = NO;
				ASSETCATALOG_COMPILER_GENERATE_SWIFT_ASSET_SYMBOL_EXTENSIONS = YES;
				CLANG_ANALYZER_NONNULL = YES;
				CLANG_ANALYZER_NUMBER_OBJECT_CONVERSION = YES_AGGRESSIVE;
				CLANG_CXX_LANGUAGE_STANDARD = "gnu++20";
				CLANG_ENABLE_MODULES = YES;
				CLANG_ENABLE_OBJC_ARC = YES;
				CLANG_ENABLE_OBJC_WEAK = YES;
				CLANG_WARN_BLOCK_CAPTURE_AUTORELEASING = YES;
				CLANG_WARN_BOOL_CONVERSION = YES;
				CLANG_WARN_COMMA = YES;
				CLANG_WARN_CONSTANT_CONVERSION = YES;
				CLANG_WARN_DEPRECATED_OBJC_IMPLEMENTATIONS = YES;
				CLANG_WARN_DIRECT_OBJC_ISA_USAGE = YES_ERROR;
				CLANG_WARN_DOCUMENTATION_COMMENTS = YES;
				CLANG_WARN_EMPTY_BODY = YES;
				CLANG_WARN_ENUM_CONVERSION = YES;
				CLANG_WARN_INFINITE_RECURSION = YES;
				CLANG_WARN_INT_CONVERSION = YES;
				CLANG_WARN_NON_LITERAL_NULL_CONVERSION = YES;
				CLANG_WARN_OBJC_IMPLICIT_RETAIN_SELF = YES;
				CLANG_WARN_OBJC_LITERAL_CONVERSION = YES;
				CLANG_WARN_OBJC_ROOT_CLASS = YES_ERROR;
				CLANG_WARN_QUOTED_INCLUDE_IN_FRAMEWORK_HEADER = YES;
				CLANG_WARN_RANGE_LOOP_ANALYSIS = YES;
				CLANG_WARN_STRICT_PROTOTYPES = YES;
				CLANG_WARN_SUSPICIOUS_MOVE = YES;
				CLANG_WARN_UNGUARDED_AVAILABILITY = YES_AGGRESSIVE;
				CLANG_WARN_UNREACHABLE_CODE = YES;
				CLANG_WARN__DUPLICATE_METHOD_MATCH = YES;
				COPY_PHASE_STRIP = NO;
				DEBUG_INFORMATION_FORMAT = "dwarf-with-dsym";
				ENABLE_NS_ASSERTIONS = NO;
				ENABLE_STRICT_OBJC_MSGSEND = YES;
				ENABLE_USER_SCRIPT_SANDBOXING = YES;
				GCC_C_LANGUAGE_STANDARD = gnu17;
				GCC_NO_COMMON_BLOCKS = YES;
				GCC_WARN_64_TO_32_BIT_CONVERSION = YES;
				GCC_WARN_ABOUT_RETURN_TYPE = YES_ERROR;
				GCC_WARN_UNDECLARED_SELECTOR = YES;
				GCC_WARN_UNINITIALIZED_AUTOS = YES_AGGRESSIVE;
				GCC_WARN_UNUSED_FUNCTION = YES;
				GCC_WARN_UNUSED_VARIABLE = YES;
				IPHONEOS_DEPLOYMENT_TARGET = 17.4;
				LOCALIZATION_PREFERS_STRING_CATALOGS = YES;
				MTL_ENABLE_DEBUG_INFO = NO;
				MTL_FAST_MATH = YES;
				SDKROOT = iphoneos;
				SWIFT_COMPILATION_MODE = wholemodule;
				VALIDATE_PRODUCT = YES;
			};
			name = Release;
		};
		1F478A7F2BD0C4410091B552 /* Debug */ = {
			isa = XCBuildConfiguration;
			buildSettings = {
				ASSETCATALOG_COMPILER_APPICON_NAME = AppIcon;
				ASSETCATALOG_COMPILER_GLOBAL_ACCENT_COLOR_NAME = AccentColor;
				CODE_SIGN_STYLE = Automatic;
				CURRENT_PROJECT_VERSION = 1;
				DEVELOPMENT_ASSET_PATHS = "\"Finalv02/Preview Content\"";
				DEVELOPMENT_TEAM = 27955L848K;
				ENABLE_PREVIEWS = YES;
				GENERATE_INFOPLIST_FILE = YES;
				INFOPLIST_KEY_UIApplicationSceneManifest_Generation = YES;
				INFOPLIST_KEY_UIApplicationSupportsIndirectInputEvents = YES;
				INFOPLIST_KEY_UILaunchScreen_Generation = YES;
				INFOPLIST_KEY_UISupportedInterfaceOrientations_iPad = "UIInterfaceOrientationPortrait UIInterfaceOrientationPortraitUpsideDown UIInterfaceOrientationLandscapeLeft UIInterfaceOrientationLandscapeRight";
				INFOPLIST_KEY_UISupportedInterfaceOrientations_iPhone = "UIInterfaceOrientationPortrait UIInterfaceOrientationLandscapeLeft UIInterfaceOrientationLandscapeRight";
				LD_RUNPATH_SEARCH_PATHS = (
					"$(inherited)",
					"@executable_path/Frameworks",
				);
				MARKETING_VERSION = 1.0;
				PRODUCT_BUNDLE_IDENTIFIER = CPSC5340.Finalv02;
				PRODUCT_NAME = "$(TARGET_NAME)";
				SWIFT_EMIT_LOC_STRINGS = YES;
				SWIFT_VERSION = 5.0;
				TARGETED_DEVICE_FAMILY = "1,2";
			};
			name = Debug;
		};
		1F478A802BD0C4410091B552 /* Release */ = {
			isa = XCBuildConfiguration;
			buildSettings = {
				ASSETCATALOG_COMPILER_APPICON_NAME = AppIcon;
				ASSETCATALOG_COMPILER_GLOBAL_ACCENT_COLOR_NAME = AccentColor;
				CODE_SIGN_STYLE = Automatic;
				CURRENT_PROJECT_VERSION = 1;
				DEVELOPMENT_ASSET_PATHS = "\"Finalv02/Preview Content\"";
				DEVELOPMENT_TEAM = 27955L848K;
				ENABLE_PREVIEWS = YES;
				GENERATE_INFOPLIST_FILE = YES;
				INFOPLIST_KEY_UIApplicationSceneManifest_Generation = YES;
				INFOPLIST_KEY_UIApplicationSupportsIndirectInputEvents = YES;
				INFOPLIST_KEY_UILaunchScreen_Generation = YES;
				INFOPLIST_KEY_UISupportedInterfaceOrientations_iPad = "UIInterfaceOrientationPortrait UIInterfaceOrientationPortraitUpsideDown UIInterfaceOrientationLandscapeLeft UIInterfaceOrientationLandscapeRight";
				INFOPLIST_KEY_UISupportedInterfaceOrientations_iPhone = "UIInterfaceOrientationPortrait UIInterfaceOrientationLandscapeLeft UIInterfaceOrientationLandscapeRight";
				LD_RUNPATH_SEARCH_PATHS = (
					"$(inherited)",
					"@executable_path/Frameworks",
				);
				MARKETING_VERSION = 1.0;
				PRODUCT_BUNDLE_IDENTIFIER = CPSC5340.Finalv02;
				PRODUCT_NAME = "$(TARGET_NAME)";
				SWIFT_EMIT_LOC_STRINGS = YES;
				SWIFT_VERSION = 5.0;
				TARGETED_DEVICE_FAMILY = "1,2";
			};
			name = Release;
		};
		1F478A822BD0C4410091B552 /* Debug */ = {
			isa = XCBuildConfiguration;
			buildSettings = {
				ALWAYS_EMBED_SWIFT_STANDARD_LIBRARIES = YES;
				BUNDLE_LOADER = "$(TEST_HOST)";
				CODE_SIGN_STYLE = Automatic;
				CURRENT_PROJECT_VERSION = 1;
				DEVELOPMENT_TEAM = 27955L848K;
				GENERATE_INFOPLIST_FILE = YES;
				IPHONEOS_DEPLOYMENT_TARGET = 17.4;
				MARKETING_VERSION = 1.0;
				PRODUCT_BUNDLE_IDENTIFIER = CPSC5340.Finalv02Tests;
				PRODUCT_NAME = "$(TARGET_NAME)";
				SWIFT_EMIT_LOC_STRINGS = NO;
				SWIFT_VERSION = 5.0;
				TARGETED_DEVICE_FAMILY = "1,2";
				TEST_HOST = "$(BUILT_PRODUCTS_DIR)/Finalv02.app/$(BUNDLE_EXECUTABLE_FOLDER_PATH)/Finalv02";
			};
			name = Debug;
		};
		1F478A832BD0C4410091B552 /* Release */ = {
			isa = XCBuildConfiguration;
			buildSettings = {
				ALWAYS_EMBED_SWIFT_STANDARD_LIBRARIES = YES;
				BUNDLE_LOADER = "$(TEST_HOST)";
				CODE_SIGN_STYLE = Automatic;
				CURRENT_PROJECT_VERSION = 1;
				DEVELOPMENT_TEAM = 27955L848K;
				GENERATE_INFOPLIST_FILE = YES;
				IPHONEOS_DEPLOYMENT_TARGET = 17.4;
				MARKETING_VERSION = 1.0;
				PRODUCT_BUNDLE_IDENTIFIER = CPSC5340.Finalv02Tests;
				PRODUCT_NAME = "$(TARGET_NAME)";
				SWIFT_EMIT_LOC_STRINGS = NO;
				SWIFT_VERSION = 5.0;
				TARGETED_DEVICE_FAMILY = "1,2";
				TEST_HOST = "$(BUILT_PRODUCTS_DIR)/Finalv02.app/$(BUNDLE_EXECUTABLE_FOLDER_PATH)/Finalv02";
			};
			name = Release;
		};
		1F478A852BD0C4410091B552 /* Debug */ = {
			isa = XCBuildConfiguration;
			buildSettings = {
				ALWAYS_EMBED_SWIFT_STANDARD_LIBRARIES = YES;
				CODE_SIGN_STYLE = Automatic;
				CURRENT_PROJECT_VERSION = 1;
				DEVELOPMENT_TEAM = 27955L848K;
				GENERATE_INFOPLIST_FILE = YES;
				MARKETING_VERSION = 1.0;
				PRODUCT_BUNDLE_IDENTIFIER = CPSC5340.Finalv02UITests;
				PRODUCT_NAME = "$(TARGET_NAME)";
				SWIFT_EMIT_LOC_STRINGS = NO;
				SWIFT_VERSION = 5.0;
				TARGETED_DEVICE_FAMILY = "1,2";
				TEST_TARGET_NAME = Finalv02;
			};
			name = Debug;
		};
		1F478A862BD0C4410091B552 /* Release */ = {
			isa = XCBuildConfiguration;
			buildSettings = {
				ALWAYS_EMBED_SWIFT_STANDARD_LIBRARIES = YES;
				CODE_SIGN_STYLE = Automatic;
				CURRENT_PROJECT_VERSION = 1;
				DEVELOPMENT_TEAM = 27955L848K;
				GENERATE_INFOPLIST_FILE = YES;
				MARKETING_VERSION = 1.0;
				PRODUCT_BUNDLE_IDENTIFIER = CPSC5340.Finalv02UITests;
				PRODUCT_NAME = "$(TARGET_NAME)";
				SWIFT_EMIT_LOC_STRINGS = NO;
				SWIFT_VERSION = 5.0;
				TARGETED_DEVICE_FAMILY = "1,2";
				TEST_TARGET_NAME = Finalv02;
			};
			name = Release;
		};
/* End XCBuildConfiguration section */

/* Begin XCConfigurationList section */
		1F478A552BD0C43E0091B552 /* Build configuration list for PBXProject "Finalv02" */ = {
			isa = XCConfigurationList;
			buildConfigurations = (
				1F478A7C2BD0C4410091B552 /* Debug */,
				1F478A7D2BD0C4410091B552 /* Release */,
			);
			defaultConfigurationIsVisible = 0;
			defaultConfigurationName = Release;
		};
		1F478A7E2BD0C4410091B552 /* Build configuration list for PBXNativeTarget "Finalv02" */ = {
			isa = XCConfigurationList;
			buildConfigurations = (
				1F478A7F2BD0C4410091B552 /* Debug */,
				1F478A802BD0C4410091B552 /* Release */,
			);
			defaultConfigurationIsVisible = 0;
			defaultConfigurationName = Release;
		};
		1F478A812BD0C4410091B552 /* Build configuration list for PBXNativeTarget "Finalv02Tests" */ = {
			isa = XCConfigurationList;
			buildConfigurations = (
				1F478A822BD0C4410091B552 /* Debug */,
				1F478A832BD0C4410091B552 /* Release */,
			);
			defaultConfigurationIsVisible = 0;
			defaultConfigurationName = Release;
		};
		1F478A842BD0C4410091B552 /* Build configuration list for PBXNativeTarget "Finalv02UITests" */ = {
			isa = XCConfigurationList;
			buildConfigurations = (
				1F478A852BD0C4410091B552 /* Debug */,
				1F478A862BD0C4410091B552 /* Release */,
			);
			defaultConfigurationIsVisible = 0;
			defaultConfigurationName = Release;
		};
/* End XCConfigurationList section */

/* Begin XCRemoteSwiftPackageReference section */
		1F478A8D2BD0C5A80091B552 /* XCRemoteSwiftPackageReference "firebase-ios-sdk" */ = {
			isa = XCRemoteSwiftPackageReference;
			repositoryURL = "https://github.com/firebase/firebase-ios-sdk";
			requirement = {
				kind = upToNextMajorVersion;
				minimumVersion = 10.24.0;
			};
		};
/* End XCRemoteSwiftPackageReference section */

/* Begin XCSwiftPackageProductDependency section */
		1F1BFFAC2BD0DA6D0066DC0D /* FirebaseAnalytics */ = {
			isa = XCSwiftPackageProductDependency;
			package = 1F478A8D2BD0C5A80091B552 /* XCRemoteSwiftPackageReference "firebase-ios-sdk" */;
			productName = FirebaseAnalytics;
		};
		1F1BFFAE2BD0DA6D0066DC0D /* FirebaseAnalyticsSwift */ = {
			isa = XCSwiftPackageProductDependency;
			package = 1F478A8D2BD0C5A80091B552 /* XCRemoteSwiftPackageReference "firebase-ios-sdk" */;
			productName = FirebaseAnalyticsSwift;
		};
		1F1BFFB02BD0DA6D0066DC0D /* FirebaseAuth */ = {
			isa = XCSwiftPackageProductDependency;
			package = 1F478A8D2BD0C5A80091B552 /* XCRemoteSwiftPackageReference "firebase-ios-sdk" */;
			productName = FirebaseAuth;
		};
		1F1BFFB22BD0DA6D0066DC0D /* FirebaseDatabase */ = {
			isa = XCSwiftPackageProductDependency;
			package = 1F478A8D2BD0C5A80091B552 /* XCRemoteSwiftPackageReference "firebase-ios-sdk" */;
			productName = FirebaseDatabase;
		};
		1F1BFFB42BD0DA6D0066DC0D /* FirebaseFirestore */ = {
			isa = XCSwiftPackageProductDependency;
			package = 1F478A8D2BD0C5A80091B552 /* XCRemoteSwiftPackageReference "firebase-ios-sdk" */;
			productName = FirebaseFirestore;
		};
		1F1BFFB62BD0DA6D0066DC0D /* FirebaseFirestoreSwift */ = {
			isa = XCSwiftPackageProductDependency;
			package = 1F478A8D2BD0C5A80091B552 /* XCRemoteSwiftPackageReference "firebase-ios-sdk" */;
			productName = FirebaseFirestoreSwift;
		};
/* End XCSwiftPackageProductDependency section */
	};
	rootObject = 1F478A522BD0C43E0091B552 /* Project object */;
}
